
Microsoft Visual Studio Solution File, Format Version 12.00
# Visual Studio Version 17
VisualStudioVersion = 17.0.31903.59
MinimumVisualStudioVersion = 10.0.40219.1
Project("{2150E333-8FDC-42A3-9474-1A3956D46DE8}") = "src", "src", "{827E0CD3-B72D-47B6-A68D-7590B98EB39B}"
EndProject
Project("{FAE04EC0-301F-11D3-BF4B-00C04F79EFBC}") = "Fogos.Domain", "src\Fogos.Domain\Fogos.Domain.csproj", "{8B6C486B-1F19-4F5B-941B-E2681554AAE4}"
EndProject
Project("{FAE04EC0-301F-11D3-BF4B-00C04F79EFBC}") = "Fogos.Infrastructure", "src\Fogos.Infrastructure\Fogos.Infrastructure.csproj", "{05D10EA3-830A-4575-9838-345CCB3B117A}"
EndProject
Project("{FAE04EC0-301F-11D3-BF4B-00C04F79EFBC}") = "Fogos.Api", "src\Fogos.Api\Fogos.Api.csproj", "{342375CD-B868-429B-AE7C-0B94174B7599}"
EndProject
Project("{FAE04EC0-301F-11D3-BF4B-00C04F79EFBC}") = "Fogos.Worker", "src\Fogos.Worker\Fogos.Worker.csproj", "{E03CDD91-308A-4D7E-86A3-F5288CE93C0E}"
EndProject
Project("{FAE04EC0-301F-11D3-BF4B-00C04F79EFBC}") = "Fogos.Importer", "src\Fogos.Importer\Fogos.Importer.csproj", "{EBE07217-742B-4296-B2AF-C2D8FFC546E5}"
EndProject
Project("{2150E333-8FDC-42A3-9474-1A3956D46DE8}") = "tests", "tests", "{0AB3BF05-4346-4AA6-1389-037BE0695223}"
EndProject
Project("{FAE04EC0-301F-11D3-BF4B-00C04F79EFBC}") = "Fogos.Domain.Tests", "tests\Fogos.Domain.Tests\Fogos.Domain.Tests.csproj", "{1885FDAC-3D97-499E-9931-E7506A3D2435}"
EndProject
Project("{FAE04EC0-301F-11D3-BF4B-00C04F79EFBC}") = "Fogos.Importer.Tests", "tests\Fogos.Importer.Tests\Fogos.Importer.Tests.csproj", "{414C2007-8B75-43BB-BCD6-C87B6EABDEF0}"
EndProject
Project("{FAE04EC0-301F-11D3-BF4B-00C04F79EFBC}") = "Fogos.Integration.Tests", "tests\Fogos.Integration.Tests\Fogos.Integration.Tests.csproj", "{61133B9D-EC2F-44E7-8B34-FC1AB396FD81}"
EndProject
Global
	GlobalSection(SolutionConfigurationPlatforms) = preSolution
		Debug|Any CPU = Debug|Any CPU
		Debug|x64 = Debug|x64
		Debug|x86 = Debug|x86
		Release|Any CPU = Release|Any CPU
		Release|x64 = Release|x64
		Release|x86 = Release|x86
	EndGlobalSection
	GlobalSection(ProjectConfigurationPlatforms) = postSolution
		{8B6C486B-1F19-4F5B-941B-E2681554AAE4}.Debug|Any CPU.ActiveCfg = Debug|Any CPU
		{8B6C486B-1F19-4F5B-941B-E2681554AAE4}.Debug|Any CPU.Build.0 = Debug|Any CPU
		{8B6C486B-1F19-4F5B-941B-E2681554AAE4}.Debug|x64.ActiveCfg = Debug|Any CPU
		{8B6C486B-1F19-4F5B-941B-E2681554AAE4}.Debug|x64.Build.0 = Debug|Any CPU
		{8B6C486B-1F19-4F5B-941B-E2681554AAE4}.Debug|x86.ActiveCfg = Debug|Any CPU
		{8B6C486B-1F19-4F5B-941B-E2681554AAE4}.Debug|x86.Build.0 = Debug|Any CPU
		{8B6C486B-1F19-4F5B-941B-E2681554AAE4}.Release|Any CPU.ActiveCfg = Release|Any CPU
		{8B6C486B-1F19-4F5B-941B-E2681554AAE4}.Release|Any CPU.Build.0 = Release|Any CPU
		{8B6C486B-1F19-4F5B-941B-E2681554AAE4}.Release|x64.ActiveCfg = Release|Any CPU
		{8B6C486B-1F19-4F5B-941B-E2681554AAE4}.Release|x64.Build.0 = Release|Any CPU
		{8B6C486B-1F19-4F5B-941B-E2681554AAE4}.Release|x86.ActiveCfg = Release|Any CPU
		{8B6C486B-1F19-4F5B-941B-E2681554AAE4}.Release|x86.Build.0 = Release|Any CPU
		{05D10EA3-830A-4575-9838-345CCB3B117A}.Debug|Any CPU.ActiveCfg = Debug|Any CPU
		{05D10EA3-830A-4575-9838-345CCB3B117A}.Debug|Any CPU.Build.0 = Debug|Any CPU
		{05D10EA3-830A-4575-9838-345CCB3B117A}.Debug|x64.ActiveCfg = Debug|Any CPU
		{05D10EA3-830A-4575-9838-345CCB3B117A}.Debug|x64.Build.0 = Debug|Any CPU
		{05D10EA3-830A-4575-9838-345CCB3B117A}.Debug|x86.ActiveCfg = Debug|Any CPU
		{05D10EA3-830A-4575-9838-345CCB3B117A}.Debug|x86.Build.0 = Debug|Any CPU
		{05D10EA3-830A-4575-9838-345CCB3B117A}.Release|Any CPU.ActiveCfg = Release|Any CPU
		{05D10EA3-830A-4575-9838-345CCB3B117A}.Release|Any CPU.Build.0 = Release|Any CPU
		{05D10EA3-830A-4575-9838-345CCB3B117A}.Release|x64.ActiveCfg = Release|Any CPU
		{05D10EA3-830A-4575-9838-345CCB3B117A}.Release|x64.Build.0 = Release|Any CPU
		{05D10EA3-830A-4575-9838-345CCB3B117A}.Release|x86.ActiveCfg = Release|Any CPU
		{05D10EA3-830A-4575-9838-345CCB3B117A}.Release|x86.Build.0 = Release|Any CPU
		{342375CD-B868-429B-AE7C-0B94174B7599}.Debug|Any CPU.ActiveCfg = Debug|Any CPU
		{342375CD-B868-429B-AE7C-0B94174B7599}.Debug|Any CPU.Build.0 = Debug|Any CPU
		{342375CD-B868-429B-AE7C-0B94174B7599}.Debug|x64.ActiveCfg = Debug|Any CPU
		{342375CD-B868-429B-AE7C-0B94174B7599}.Debug|x64.Build.0 = Debug|Any CPU
		{342375CD-B868-429B-AE7C-0B94174B7599}.Debug|x86.ActiveCfg = Debug|Any CPU
		{342375CD-B868-429B-AE7C-0B94174B7599}.Debug|x86.Build.0 = Debug|Any CPU
		{342375CD-B868-429B-AE7C-0B94174B7599}.Release|Any CPU.ActiveCfg = Release|Any CPU
		{342375CD-B868-429B-AE7C-0B94174B7599}.Release|Any CPU.Build.0 = Release|Any CPU
		{342375CD-B868-429B-AE7C-0B94174B7599}.Release|x64.ActiveCfg = Release|Any CPU
		{342375CD-B868-429B-AE7C-0B94174B7599}.Release|x64.Build.0 = Release|Any CPU
		{342375CD-B868-429B-AE7C-0B94174B7599}.Release|x86.ActiveCfg = Release|Any CPU
		{342375CD-B868-429B-AE7C-0B94174B7599}.Release|x86.Build.0 = Release|Any CPU
		{E03CDD91-308A-4D7E-86A3-F5288CE93C0E}.Debug|Any CPU.ActiveCfg = Debug|Any CPU
		{E03CDD91-308A-4D7E-86A3-F5288CE93C0E}.Debug|Any CPU.Build.0 = Debug|Any CPU
		{E03CDD91-308A-4D7E-86A3-F5288CE93C0E}.Debug|x64.ActiveCfg = Debug|Any CPU
		{E03CDD91-308A-4D7E-86A3-F5288CE93C0E}.Debug|x64.Build.0 = Debug|Any CPU
		{E03CDD91-308A-4D7E-86A3-F5288CE93C0E}.Debug|x86.ActiveCfg = Debug|Any CPU
		{E03CDD91-308A-4D7E-86A3-F5288CE93C0E}.Debug|x86.Build.0 = Debug|Any CPU
		{E03CDD91-308A-4D7E-86A3-F5288CE93C0E}.Release|Any CPU.ActiveCfg = Release|Any CPU
		{E03CDD91-308A-4D7E-86A3-F5288CE93C0E}.Release|Any CPU.Build.0 = Release|Any CPU
		{E03CDD91-308A-4D7E-86A3-F5288CE93C0E}.Release|x64.ActiveCfg = Release|Any CPU
		{E03CDD91-308A-4D7E-86A3-F5288CE93C0E}.Release|x64.Build.0 = Release|Any CPU
		{E03CDD91-308A-4D7E-86A3-F5288CE93C0E}.Release|x86.ActiveCfg = Release|Any CPU
		{E03CDD91-308A-4D7E-86A3-F5288CE93C0E}.Release|x86.Build.0 = Release|Any CPU
		{EBE07217-742B-4296-B2AF-C2D8FFC546E5}.Debug|Any CPU.ActiveCfg = Debug|Any CPU
		{EBE07217-742B-4296-B2AF-C2D8FFC546E5}.Debug|Any CPU.Build.0 = Debug|Any CPU
		{EBE07217-742B-4296-B2AF-C2D8FFC546E5}.Debug|x64.ActiveCfg = Debug|Any CPU
		{EBE07217-742B-4296-B2AF-C2D8FFC546E5}.Debug|x64.Build.0 = Debug|Any CPU
		{EBE07217-742B-4296-B2AF-C2D8FFC546E5}.Debug|x86.ActiveCfg = Debug|Any CPU
		{EBE07217-742B-4296-B2AF-C2D8FFC546E5}.Debug|x86.Build.0 = Debug|Any CPU
		{EBE07217-742B-4296-B2AF-C2D8FFC546E5}.Release|Any CPU.ActiveCfg = Release|Any CPU
		{EBE07217-742B-4296-B2AF-C2D8FFC546E5}.Release|Any CPU.Build.0 = Release|Any CPU
		{EBE07217-742B-4296-B2AF-C2D8FFC546E5}.Release|x64.ActiveCfg = Release|Any CPU
		{EBE07217-742B-4296-B2AF-C2D8FFC546E5}.Release|x64.Build.0 = Release|Any CPU
		{EBE07217-742B-4296-B2AF-C2D8FFC546E5}.Release|x86.ActiveCfg = Release|Any CPU
		{EBE07217-742B-4296-B2AF-C2D8FFC546E5}.Release|x86.Build.0 = Release|Any CPU
		{1885FDAC-3D97-499E-9931-E7506A3D2435}.Debug|Any CPU.ActiveCfg = Debug|Any CPU
		{1885FDAC-3D97-499E-9931-E7506A3D2435}.Debug|Any CPU.Build.0 = Debug|Any CPU
		{1885FDAC-3D97-499E-9931-E7506A3D2435}.Debug|x64.ActiveCfg = Debug|Any CPU
		{1885FDAC-3D97-499E-9931-E7506A3D2435}.Debug|x64.Build.0 = Debug|Any CPU
		{1885FDAC-3D97-499E-9931-E7506A3D2435}.Debug|x86.ActiveCfg = Debug|Any CPU
		{1885FDAC-3D97-499E-9931-E7506A3D2435}.Debug|x86.Build.0 = Debug|Any CPU
		{1885FDAC-3D97-499E-9931-E7506A3D2435}.Release|Any CPU.ActiveCfg = Release|Any CPU
		{1885FDAC-3D97-499E-9931-E7506A3D2435}.Release|Any CPU.Build.0 = Release|Any CPU
		{1885FDAC-3D97-499E-9931-E7506A3D2435}.Release|x64.ActiveCfg = Release|Any CPU
		{1885FDAC-3D97-499E-9931-E7506A3D2435}.Release|x64.Build.0 = Release|Any CPU
		{1885FDAC-3D97-499E-9931-E7506A3D2435}.Release|x86.ActiveCfg = Release|Any CPU
		{1885FDAC-3D97-499E-9931-E7506A3D2435}.Release|x86.Build.0 = Release|Any CPU
		{414C2007-8B75-43BB-BCD6-C87B6EABDEF0}.Debug|Any CPU.ActiveCfg = Debug|Any CPU
		{414C2007-8B75-43BB-BCD6-C87B6EABDEF0}.Debug|Any CPU.Build.0 = Debug|Any CPU
		{414C2007-8B75-43BB-BCD6-C87B6EABDEF0}.Debug|x64.ActiveCfg = Debug|Any CPU
		{414C2007-8B75-43BB-BCD6-C87B6EABDEF0}.Debug|x64.Build.0 = Debug|Any CPU
		{414C2007-8B75-43BB-BCD6-C87B6EABDEF0}.Debug|x86.ActiveCfg = Debug|Any CPU
		{414C2007-8B75-43BB-BCD6-C87B6EABDEF0}.Debug|x86.Build.0 = Debug|Any CPU
		{414C2007-8B75-43BB-BCD6-C87B6EABDEF0}.Release|Any CPU.ActiveCfg = Release|Any CPU
		{414C2007-8B75-43BB-BCD6-C87B6EABDEF0}.Release|Any CPU.Build.0 = Release|Any CPU
		{414C2007-8B75-43BB-BCD6-C87B6EABDEF0}.Release|x64.ActiveCfg = Release|Any CPU
		{414C2007-8B75-43BB-BCD6-C87B6EABDEF0}.Release|x64.Build.0 = Release|Any CPU
		{414C2007-8B75-43BB-BCD6-C87B6EABDEF0}.Release|x86.ActiveCfg = Release|Any CPU
		{414C2007-8B75-43BB-BCD6-C87B6EABDEF0}.Release|x86.Build.0 = Release|Any CPU
		{61133B9D-EC2F-44E7-8B34-FC1AB396FD81}.Debug|Any CPU.ActiveCfg = Debug|Any CPU
		{61133B9D-EC2F-44E7-8B34-FC1AB396FD81}.Debug|Any CPU.Build.0 = Debug|Any CPU
		{61133B9D-EC2F-44E7-8B34-FC1AB396FD81}.Debug|x64.ActiveCfg = Debug|Any CPU
		{61133B9D-EC2F-44E7-8B34-FC1AB396FD81}.Debug|x64.Build.0 = Debug|Any CPU
		{61133B9D-EC2F-44E7-8B34-FC1AB396FD81}.Debug|x86.ActiveCfg = Debug|Any CPU
		{61133B9D-EC2F-44E7-8B34-FC1AB396FD81}.Debug|x86.Build.0 = Debug|Any CPU
		{61133B9D-EC2F-44E7-8B34-FC1AB396FD81}.Release|Any CPU.ActiveCfg = Release|Any CPU
		{61133B9D-EC2F-44E7-8B34-FC1AB396FD81}.Release|Any CPU.Build.0 = Release|Any CPU
		{61133B9D-EC2F-44E7-8B34-FC1AB396FD81}.Release|x64.ActiveCfg = Release|Any CPU
		{61133B9D-EC2F-44E7-8B34-FC1AB396FD81}.Release|x64.Build.0 = Release|Any CPU
		{61133B9D-EC2F-44E7-8B34-FC1AB396FD81}.Release|x86.ActiveCfg = Release|Any CPU
		{61133B9D-EC2F-44E7-8B34-FC1AB396FD81}.Release|x86.Build.0 = Release|Any CPU
	EndGlobalSection
	GlobalSection(SolutionProperties) = preSolution
		HideSolutionNode = FALSE
	EndGlobalSection
	GlobalSection(NestedProjects) = preSolution
		{8B6C486B-1F19-4F5B-941B-E2681554AAE4} = {827E0CD3-B72D-47B6-A68D-7590B98EB39B}
		{05D10EA3-830A-4575-9838-345CCB3B117A} = {827E0CD3-B72D-47B6-A68D-7590B98EB39B}
		{342375CD-B868-429B-AE7C-0B94174B7599} = {827E0CD3-B72D-47B6-A68D-7590B98EB39B}
		{E03CDD91-308A-4D7E-86A3-F5288CE93C0E} = {827E0CD3-B72D-47B6-A68D-7590B98EB39B}
		{EBE07217-742B-4296-B2AF-C2D8FFC546E5} = {827E0CD3-B72D-47B6-A68D-7590B98EB39B}
		{1885FDAC-3D97-499E-9931-E7506A3D2435} = {0AB3BF05-4346-4AA6-1389-037BE0695223}
		{414C2007-8B75-43BB-BCD6-C87B6EABDEF0} = {0AB3BF05-4346-4AA6-1389-037BE0695223}
		{61133B9D-EC2F-44E7-8B34-FC1AB396FD81} = {0AB3BF05-4346-4AA6-1389-037BE0695223}
	EndGlobalSection
EndGlobal
